
Microsoft Visual Studio Solution File, Format Version 12.00
# Visual Studio Version 16
VisualStudioVersion = 16.0.30621.155
MinimumVisualStudioVersion = 10.0.40219.1
Project("{9A19103F-16F7-4668-BE54-9A1E7A4F7556}") = "Entities", "Entities\Entities.csproj", "{BE0E5552-C042-4FF3-8B08-B81B9C5D4716}"
EndProject
Project("{9A19103F-16F7-4668-BE54-9A1E7A4F7556}") = "DataAccess", "DataAccess\DataAccess.csproj", "{00C79257-6443-49E8-9F7F-4380451630D5}"
EndProject
Project("{9A19103F-16F7-4668-BE54-9A1E7A4F7556}") = "Business", "Business\Business.csproj", "{341D2CE3-5F65-478A-A59E-BF31370796C4}"
EndProject
Project("{9A19103F-16F7-4668-BE54-9A1E7A4F7556}") = "Core", "Core\Core.csproj", "{9914DFBD-29DB-4F0D-99FA-A8E2C8AE5428}"
EndProject
Project("{9A19103F-16F7-4668-BE54-9A1E7A4F7556}") = "WebAPI", "WebAPI\WebAPI.csproj", "{D05444ED-D3DE-4A35-96F2-D694206C5030}"
EndProject
Global
	GlobalSection(SolutionConfigurationPlatforms) = preSolution
		Debug|Any CPU = Debug|Any CPU
		Release|Any CPU = Release|Any CPU
	EndGlobalSection
	GlobalSection(ProjectConfigurationPlatforms) = postSolution
		{BE0E5552-C042-4FF3-8B08-B81B9C5D4716}.Debug|Any CPU.ActiveCfg = Debug|Any CPU
		{BE0E5552-C042-4FF3-8B08-B81B9C5D4716}.Debug|Any CPU.Build.0 = Debug|Any CPU
		{BE0E5552-C042-4FF3-8B08-B81B9C5D4716}.Release|Any CPU.ActiveCfg = Release|Any CPU
		{BE0E5552-C042-4FF3-8B08-B81B9C5D4716}.Release|Any CPU.Build.0 = Release|Any CPU
		{00C79257-6443-49E8-9F7F-4380451630D5}.Debug|Any CPU.ActiveCfg = Debug|Any CPU
		{00C79257-6443-49E8-9F7F-4380451630D5}.Debug|Any CPU.Build.0 = Debug|Any CPU
		{00C79257-6443-49E8-9F7F-4380451630D5}.Release|Any CPU.ActiveCfg = Release|Any CPU
		{00C79257-6443-49E8-9F7F-4380451630D5}.Release|Any CPU.Build.0 = Release|Any CPU
		{341D2CE3-5F65-478A-A59E-BF31370796C4}.Debug|Any CPU.ActiveCfg = Debug|Any CPU
		{341D2CE3-5F65-478A-A59E-BF31370796C4}.Debug|Any CPU.Build.0 = Debug|Any CPU
		{341D2CE3-5F65-478A-A59E-BF31370796C4}.Release|Any CPU.ActiveCfg = Release|Any CPU
		{341D2CE3-5F65-478A-A59E-BF31370796C4}.Release|Any CPU.Build.0 = Release|Any CPU
		{9914DFBD-29DB-4F0D-99FA-A8E2C8AE5428}.Debug|Any CPU.ActiveCfg = Debug|Any CPU
		{9914DFBD-29DB-4F0D-99FA-A8E2C8AE5428}.Debug|Any CPU.Build.0 = Debug|Any CPU
		{9914DFBD-29DB-4F0D-99FA-A8E2C8AE5428}.Release|Any CPU.ActiveCfg = Release|Any CPU
		{9914DFBD-29DB-4F0D-99FA-A8E2C8AE5428}.Release|Any CPU.Build.0 = Release|Any CPU
		{D05444ED-D3DE-4A35-96F2-D694206C5030}.Debug|Any CPU.ActiveCfg = Debug|Any CPU
		{D05444ED-D3DE-4A35-96F2-D694206C5030}.Debug|Any CPU.Build.0 = Debug|Any CPU
		{D05444ED-D3DE-4A35-96F2-D694206C5030}.Release|Any CPU.ActiveCfg = Release|Any CPU
		{D05444ED-D3DE-4A35-96F2-D694206C5030}.Release|Any CPU.Build.0 = Release|Any CPU
	EndGlobalSection
	GlobalSection(SolutionProperties) = preSolution
		HideSolutionNode = FALSE
	EndGlobalSection
	GlobalSection(ExtensibilityGlobals) = postSolution
		SolutionGuid = {E8B546AF-3C1A-40E4-AAD9-D3C59AA714B1}
	EndGlobalSection
EndGlobal
